
Microsoft Visual Studio Solution File, Format Version 12.00
# Visual Studio Version 16
VisualStudioVersion = 16.0.29503.13
MinimumVisualStudioVersion = 10.0.40219.1
Project("{FAE04EC0-301F-11D3-BF4B-00C04F79EFBC}") = "Scrabble", "Scrabble.csproj", "{3C0F7388-0A50-4DD0-9902-516EB0FCC608}"
EndProject
Global
	GlobalSection(SolutionConfigurationPlatforms) = preSolution
		Debug|Any CPU = Debug|Any CPU
		Release|Any CPU = Release|Any CPU
	EndGlobalSection
	GlobalSection(ProjectConfigurationPlatforms) = postSolution
		{3C0F7388-0A50-4DD0-9902-516EB0FCC608}.Debug|Any CPU.ActiveCfg = Debug|Any CPU
		{3C0F7388-0A50-4DD0-9902-516EB0FCC608}.Debug|Any CPU.Build.0 = Debug|Any CPU
		{3C0F7388-0A50-4DD0-9902-516EB0FCC608}.Release|Any CPU.ActiveCfg = Release|Any CPU
		{3C0F7388-0A50-4DD0-9902-516EB0FCC608}.Release|Any CPU.Build.0 = Release|Any CPU
	EndGlobalSection
	GlobalSection(SolutionProperties) = preSolution
		HideSolutionNode = FALSE
	EndGlobalSection
	GlobalSection(ExtensibilityGlobals) = postSolution
		SolutionGuid = {C3C7EAAD-73D1-4336-8DE7-34C7A7BCC606}
	EndGlobalSection
EndGlobal
